
Microsoft Visual Studio Solution File, Format Version 12.00
# Visual Studio Version 17
VisualStudioVersion = 17.13.35919.96
MinimumVisualStudioVersion = 10.0.40219.1
Project("{8BC9CEB8-8B4A-11D0-8D11-00A0C91BC942}") = "chap04", "chap04\chap04.vcxproj", "{3833F3BB-0323-4B92-AF1F-538ACD6CAD6A}"
EndProject
Project("{8BC9CEB8-8B4A-11D0-8D11-00A0C91BC942}") = "chap05", "chap05\chap05.vcxproj", "{11946860-957C-449C-B32A-E8978F0F9C04}"
EndProject
Project("{8BC9CEB8-8B4A-11D0-8D11-00A0C91BC942}") = "chap02", "chap01\chap01.vcxproj", "{2826CAFF-EC25-4798-BD1E-8209FF3750FB}"
EndProject
Project("{8BC9CEB8-8B4A-11D0-8D11-00A0C91BC942}") = "chap06", "chap06\chap06.vcxproj", "{0E1F13E2-CA10-463D-8074-CE58AF75086F}"
EndProject
Project("{8BC9CEB8-8B4A-11D0-8D11-00A0C91BC942}") = "chap07", "chap7\chap7.vcxproj", "{D7E7948B-7B29-48A3-A6DE-B8C4B420AEFC}"
EndProject
Project("{8BC9CEB8-8B4A-11D0-8D11-00A0C91BC942}") = "chap10", "chap10\chap10.vcxproj", "{2CF075A2-DB1A-4892-85B0-47A6E0FC744D}"
EndProject
Global
	GlobalSection(SolutionConfigurationPlatforms) = preSolution
		Debug|x64 = Debug|x64
		Debug|x86 = Debug|x86
		Release|x64 = Release|x64
		Release|x86 = Release|x86
	EndGlobalSection
	GlobalSection(ProjectConfigurationPlatforms) = postSolution
		{3833F3BB-0323-4B92-AF1F-538ACD6CAD6A}.Debug|x64.ActiveCfg = Debug|x64
		{3833F3BB-0323-4B92-AF1F-538ACD6CAD6A}.Debug|x64.Build.0 = Debug|x64
		{3833F3BB-0323-4B92-AF1F-538ACD6CAD6A}.Debug|x86.ActiveCfg = Debug|Win32
		{3833F3BB-0323-4B92-AF1F-538ACD6CAD6A}.Debug|x86.Build.0 = Debug|Win32
		{3833F3BB-0323-4B92-AF1F-538ACD6CAD6A}.Release|x64.ActiveCfg = Release|x64
		{3833F3BB-0323-4B92-AF1F-538ACD6CAD6A}.Release|x64.Build.0 = Release|x64
		{3833F3BB-0323-4B92-AF1F-538ACD6CAD6A}.Release|x86.ActiveCfg = Release|Win32
		{3833F3BB-0323-4B92-AF1F-538ACD6CAD6A}.Release|x86.Build.0 = Release|Win32
		{11946860-957C-449C-B32A-E8978F0F9C04}.Debug|x64.ActiveCfg = Debug|x64
		{11946860-957C-449C-B32A-E8978F0F9C04}.Debug|x64.Build.0 = Debug|x64
		{11946860-957C-449C-B32A-E8978F0F9C04}.Debug|x86.ActiveCfg = Debug|Win32
		{11946860-957C-449C-B32A-E8978F0F9C04}.Debug|x86.Build.0 = Debug|Win32
		{11946860-957C-449C-B32A-E8978F0F9C04}.Release|x64.ActiveCfg = Release|x64
		{11946860-957C-449C-B32A-E8978F0F9C04}.Release|x64.Build.0 = Release|x64
		{11946860-957C-449C-B32A-E8978F0F9C04}.Release|x86.ActiveCfg = Release|Win32
		{11946860-957C-449C-B32A-E8978F0F9C04}.Release|x86.Build.0 = Release|Win32
		{2826CAFF-EC25-4798-BD1E-8209FF3750FB}.Debug|x64.ActiveCfg = Debug|x64
		{2826CAFF-EC25-4798-BD1E-8209FF3750FB}.Debug|x64.Build.0 = Debug|x64
		{2826CAFF-EC25-4798-BD1E-8209FF3750FB}.Debug|x86.ActiveCfg = Debug|Win32
		{2826CAFF-EC25-4798-BD1E-8209FF3750FB}.Debug|x86.Build.0 = Debug|Win32
		{2826CAFF-EC25-4798-BD1E-8209FF3750FB}.Release|x64.ActiveCfg = Release|x64
		{2826CAFF-EC25-4798-BD1E-8209FF3750FB}.Release|x64.Build.0 = Release|x64
		{2826CAFF-EC25-4798-BD1E-8209FF3750FB}.Release|x86.ActiveCfg = Release|Win32
		{2826CAFF-EC25-4798-BD1E-8209FF3750FB}.Release|x86.Build.0 = Release|Win32
		{0E1F13E2-CA10-463D-8074-CE58AF75086F}.Debug|x64.ActiveCfg = Debug|x64
		{0E1F13E2-CA10-463D-8074-CE58AF75086F}.Debug|x64.Build.0 = Debug|x64
		{0E1F13E2-CA10-463D-8074-CE58AF75086F}.Debug|x86.ActiveCfg = Debug|Win32
		{0E1F13E2-CA10-463D-8074-CE58AF75086F}.Debug|x86.Build.0 = Debug|Win32
		{0E1F13E2-CA10-463D-8074-CE58AF75086F}.Release|x64.ActiveCfg = Release|x64
		{0E1F13E2-CA10-463D-8074-CE58AF75086F}.Release|x64.Build.0 = Release|x64
		{0E1F13E2-CA10-463D-8074-CE58AF75086F}.Release|x86.ActiveCfg = Release|Win32
		{0E1F13E2-CA10-463D-8074-CE58AF75086F}.Release|x86.Build.0 = Release|Win32
		{D7E7948B-7B29-48A3-A6DE-B8C4B420AEFC}.Debug|x64.ActiveCfg = Debug|x64
		{D7E7948B-7B29-48A3-A6DE-B8C4B420AEFC}.Debug|x64.Build.0 = Debug|x64
		{D7E7948B-7B29-48A3-A6DE-B8C4B420AEFC}.Debug|x86.ActiveCfg = Debug|Win32
		{D7E7948B-7B29-48A3-A6DE-B8C4B420AEFC}.Debug|x86.Build.0 = Debug|Win32
		{D7E7948B-7B29-48A3-A6DE-B8C4B420AEFC}.Release|x64.ActiveCfg = Release|x64
		{D7E7948B-7B29-48A3-A6DE-B8C4B420AEFC}.Release|x64.Build.0 = Release|x64
		{D7E7948B-7B29-48A3-A6DE-B8C4B420AEFC}.Release|x86.ActiveCfg = Release|Win32
		{D7E7948B-7B29-48A3-A6DE-B8C4B420AEFC}.Release|x86.Build.0 = Release|Win32
		{2CF075A2-DB1A-4892-85B0-47A6E0FC744D}.Debug|x64.ActiveCfg = Debug|x64
		{2CF075A2-DB1A-4892-85B0-47A6E0FC744D}.Debug|x64.Build.0 = Debug|x64
		{2CF075A2-DB1A-4892-85B0-47A6E0FC744D}.Debug|x86.ActiveCfg = Debug|Win32
		{2CF075A2-DB1A-4892-85B0-47A6E0FC744D}.Debug|x86.Build.0 = Debug|Win32
		{2CF075A2-DB1A-4892-85B0-47A6E0FC744D}.Release|x64.ActiveCfg = Release|x64
		{2CF075A2-DB1A-4892-85B0-47A6E0FC744D}.Release|x64.Build.0 = Release|x64
		{2CF075A2-DB1A-4892-85B0-47A6E0FC744D}.Release|x86.ActiveCfg = Release|Win32
		{2CF075A2-DB1A-4892-85B0-47A6E0FC744D}.Release|x86.Build.0 = Release|Win32
	EndGlobalSection
	GlobalSection(SolutionProperties) = preSolution
		HideSolutionNode = FALSE
	EndGlobalSection
	GlobalSection(ExtensibilityGlobals) = postSolution
		SolutionGuid = {37E43AA9-4693-4710-9775-FD4C8D34B34A}
	EndGlobalSection
EndGlobal
